
Microsoft Visual Studio Solution File, Format Version 12.00
# Visual Studio Version 17
VisualStudioVersion = 17.8.34330.188
MinimumVisualStudioVersion = 10.0.40219.1
Project("{FAE04EC0-301F-11D3-BF4B-00C04F79EFBC}") = "MvcMovie", "MvcMovie\MvcMovie.csproj", "{42D3C63C-6EB3-4A68-978E-AB39242489B9}"
EndProject
Global
	GlobalSection(SolutionConfigurationPlatforms) = preSolution
		Debug|Any CPU = Debug|Any CPU
		Release|Any CPU = Release|Any CPU
	EndGlobalSection
	GlobalSection(ProjectConfigurationPlatforms) = postSolution
		{42D3C63C-6EB3-4A68-978E-AB39242489B9}.Debug|Any CPU.ActiveCfg = Debug|Any CPU
		{42D3C63C-6EB3-4A68-978E-AB39242489B9}.Debug|Any CPU.Build.0 = Debug|Any CPU
		{42D3C63C-6EB3-4A68-978E-AB39242489B9}.Release|Any CPU.ActiveCfg = Release|Any CPU
		{42D3C63C-6EB3-4A68-978E-AB39242489B9}.Release|Any CPU.Build.0 = Release|Any CPU
	EndGlobalSection
	GlobalSection(SolutionProperties) = preSolution
		HideSolutionNode = FALSE
	EndGlobalSection
	GlobalSection(ExtensibilityGlobals) = postSolution
		SolutionGuid = {F4F4C35A-283C-46D0-8F08-0D3BAC3BA4DA}
	EndGlobalSection
EndGlobal
